PODS:
  - AKOCommonToolsKit (0.0.30)
  - BlocksKit (2.2.5):
    - BlocksKit/All (= 2.2.5)
  - BlocksKit/All (2.2.5):
    - BlocksKit/Core
    - BlocksKit/DynamicDelegate
    - BlocksKit/MessageUI
    - BlocksKit/UIKit
  - BlocksKit/Core (2.2.5)
  - BlocksKit/DynamicDelegate (2.2.5)
  - BlocksKit/MessageUI (2.2.5):
    - BlocksKit/Core
    - BlocksKit/DynamicDelegate
  - BlocksKit/UIKit (2.2.5):
    - BlocksKit/Core
    - BlocksKit/DynamicDelegate
  - CUIDemoBackups (0.1.0):
    - AKOCommonToolsKit
    - CUIDemoElements
    - CUIDemoExamples
  - CUIDemoElements (0.1.0):
    - BlocksKit
    - Masonry
    - SnapKit
    - SVProgressHUD
  - CUIDemoExamples (0.1.0):
    - AKOCommonToolsKit
    - CUIDemoElements
  - Masonry (1.1.0)
  - SnapKit (5.6.0)
  - SVProgressHUD (2.2.5)

DEPENDENCIES:
  - AKOCommonToolsKit (from `/Users/lizitao/Desktop/MainProject/AKOCommonToolsKit/`)
  - CUIDemoBackups (from `./LocalPods/CUIDemoBackups`)
  - CUIDemoElements (from `./LocalPods/CUIDemoElements`)
  - CUIDemoExamples (from `./LocalPods/CUIDemoExamples`)

SPEC REPOS:
  trunk:
    - BlocksKit
    - Masonry
    - SnapKit
    - SVProgressHUD

EXTERNAL SOURCES:
  AKOCommonToolsKit:
    :path: "/Users/lizitao/Desktop/MainProject/AKOCommonToolsKit/"
  CUIDemoBackups:
    :path: "./LocalPods/CUIDemoBackups"
  CUIDemoElements:
    :path: "./LocalPods/CUIDemoElements"
  CUIDemoExamples:
    :path: "./LocalPods/CUIDemoExamples"

SPEC CHECKSUMS:
  AKOCommonToolsKit: 2abd1f65bc151e94d9362b630166e59b1078a2ae
  BlocksKit: 8639b2848dd51c35c957af4d9fbdc7a769a1fc12
  CUIDemoBackups: e577483e8e3ed62137d90372ca2c3d0328fe86e4
  CUIDemoElements: c7a913b456dbf3386caa076c1fb994997b03cdc0
  CUIDemoExamples: 0642c346ea3003e12948b85dbd9a87ad0a3a803b
  Masonry: 678fab65091a9290e40e2832a55e7ab731aad201
  SnapKit: e01d52ebb8ddbc333eefe2132acf85c8227d9c25
  SVProgressHUD: 1428aafac632c1f86f62aa4243ec12008d7a51d6

PODFILE CHECKSUM: 1deeb86c2c27c3ef26ee0c325d0d43e95ab495eb

COCOAPODS: 1.11.3
