PODS:
  - CUIDemoElements (0.1.0):
    - Masonry
  - CUIDemoExamples (0.1.0):
    - CUIDemoElements
  - Masonry (1.1.0)

DEPENDENCIES:
  - CUIDemoElements (from `./`)
  - CUIDemoExamples (from `./`)

SPEC REPOS:
  trunk:
    - Masonry

EXTERNAL SOURCES:
  CUIDemoElements:
    :path: "./"
  CUIDemoExamples:
    :path: "./"

SPEC CHECKSUMS:
  CUIDemoElements: 4b54cb1c3a82adb9fa9faca636e66c18dbc0e726
  CUIDemoExamples: 086436d7f77a2ed0cfb264eed178fc7176d06366
  Masonry: 678fab65091a9290e40e2832a55e7ab731aad201

PODFILE CHECKSUM: 2fd665e9f141f2d57d37413550c3108f3c80c8c1

COCOAPODS: 1.10.0
