PODS:
  - BlocksKit (2.2.5):
    - BlocksKit/All (= 2.2.5)
  - BlocksKit/All (2.2.5):
    - BlocksKit/Core
    - BlocksKit/DynamicDelegate
    - BlocksKit/MessageUI
    - BlocksKit/UIKit
  - BlocksKit/Core (2.2.5)
  - BlocksKit/DynamicDelegate (2.2.5)
  - BlocksKit/MessageUI (2.2.5):
    - BlocksKit/Core
    - BlocksKit/DynamicDelegate
  - BlocksKit/UIKit (2.2.5):
    - BlocksKit/Core
    - BlocksKit/DynamicDelegate
  - CUIDemoElements (0.1.0):
    - BlocksKit
    - Masonry
    - SnapKit
    - SVProgressHUD
  - CUIDemoExamples (0.1.0):
    - CUIDemoElements
  - Masonry (1.1.0)
  - SnapKit (5.0.1)
  - SVProgressHUD (2.2.5)

DEPENDENCIES:
  - CUIDemoElements (from `./`)
  - CUIDemoExamples (from `./`)

SPEC REPOS:
  trunk:
    - BlocksKit
    - Masonry
    - SnapKit
    - SVProgressHUD

EXTERNAL SOURCES:
  CUIDemoElements:
    :path: "./"
  CUIDemoExamples:
    :path: "./"

SPEC CHECKSUMS:
  BlocksKit: 7f422b971407001178d181a43b99014ea2591fe6
  CUIDemoElements: 50fd50b6cf803ab0eaca040abbd3de21885186d8
  CUIDemoExamples: 2287765cb226396db14264479425cdc65b566446
  Masonry: 678fab65091a9290e40e2832a55e7ab731aad201
  SnapKit: 97b92857e3df3a0c71833cce143274bf6ef8e5eb
  SVProgressHUD: 1428aafac632c1f86f62aa4243ec12008d7a51d6

PODFILE CHECKSUM: 41bd293f29928b25e5d1a637dfa0c140d928f7dc

COCOAPODS: 1.10.0
